// !$*UTF8*$!
{
	archiveVersion = 1;
	classes = {
	};
	objectVersion = 56;
	objects = {

/* Begin PBXBuildFile section */
		660042EB2A14B1AD007A353F /* TodoCell.swift in Sources */ = {isa = PBXBuildFile; fileRef = 660042EA2A14B1AD007A353F /* TodoCell.swift */; };
		665E9CAA2A14AA6200387831 /* AppDelegate.swift in Sources */ = {isa = PBXBuildFile; fileRef = 665E9CA92A14AA6200387831 /* AppDelegate.swift */; };
		665E9CAC2A14AA6200387831 /* SceneDelegate.swift in Sources */ = {isa = PBXBuildFile; fileRef = 665E9CAB2A14AA6200387831 /* SceneDelegate.swift */; };
		665E9CAE2A14AA6200387831 /* ViewController.swift in Sources */ = {isa = PBXBuildFile; fileRef = 665E9CAD2A14AA6200387831 /* ViewController.swift */; };
		665E9CB12A14AA6200387831 /* Main.storyboard in Resources */ = {isa = PBXBuildFile; fileRef = 665E9CAF2A14AA6200387831 /* Main.storyboard */; };
		665E9CB32A14AA6200387831 /* Assets.xcassets in Resources */ = {isa = PBXBuildFile; fileRef = 665E9CB22A14AA6200387831 /* Assets.xcassets */; };
		665E9CB62A14AA6200387831 /* LaunchScreen.storyboard in Resources */ = {isa = PBXBuildFile; fileRef = 665E9CB42A14AA6200387831 /* LaunchScreen.storyboard */; };
		665E9CBE2A14AACC00387831 /* GoogleService-Info.plist in Resources */ = {isa = PBXBuildFile; fileRef = 665E9CBD2A14AACC00387831 /* GoogleService-Info.plist */; };
		665E9CC12A14AB9C00387831 /* FirebaseAuth in Frameworks */ = {isa = PBXBuildFile; productRef = 665E9CC02A14AB9C00387831 /* FirebaseAuth */; };
		665E9CC32A14AB9C00387831 /* FirebaseDatabase in Frameworks */ = {isa = PBXBuildFile; productRef = 665E9CC22A14AB9C00387831 /* FirebaseDatabase */; };
		665E9CC52A14AB9C00387831 /* FirebaseFirestore in Frameworks */ = {isa = PBXBuildFile; productRef = 665E9CC42A14AB9C00387831 /* FirebaseFirestore */; };
		665E9CC72A14AB9C00387831 /* FirebaseMessaging in Frameworks */ = {isa = PBXBuildFile; productRef = 665E9CC62A14AB9C00387831 /* FirebaseMessaging */; };
/* End PBXBuildFile section */

/* Begin PBXFileReference section */
		660042EA2A14B1AD007A353F /* TodoCell.swift */ = {isa = PBXFileReference; lastKnownFileType = sourcecode.swift; path = TodoCell.swift; sourceTree = "<group>"; };
		665E9CA62A14AA6200387831 /* firebaseTutorial.app */ = {isa = PBXFileReference; explicitFileType = wrapper.application; includeInIndex = 0; path = firebaseTutorial.app; sourceTree = BUILT_PRODUCTS_DIR; };
		665E9CA92A14AA6200387831 /* AppDelegate.swift */ = {isa = PBXFileReference; lastKnownFileType = sourcecode.swift; path = AppDelegate.swift; sourceTree = "<group>"; };
		665E9CAB2A14AA6200387831 /* SceneDelegate.swift */ = {isa = PBXFileReference; lastKnownFileType = sourcecode.swift; path = SceneDelegate.swift; sourceTree = "<group>"; };
		665E9CAD2A14AA6200387831 /* ViewController.swift */ = {isa = PBXFileReference; lastKnownFileType = sourcecode.swift; path = ViewController.swift; sourceTree = "<group>"; };
		665E9CB02A14AA6200387831 /* Base */ = {isa = PBXFileReference; lastKnownFileType = file.storyboard; name = Base; path = Base.lproj/Main.storyboard; sourceTree = "<group>"; };
		665E9CB22A14AA6200387831 /* Assets.xcassets */ = {isa = PBXFileReference; lastKnownFileType = folder.assetcatalog; path = Assets.xcassets; sourceTree = "<group>"; };
		665E9CB52A14AA6200387831 /* Base */ = {isa = PBXFileReference; lastKnownFileType = file.storyboard; name = Base; path = Base.lproj/LaunchScreen.storyboard; sourceTree = "<group>"; };
		665E9CB72A14AA6200387831 /* Info.plist */ = {isa = PBXFileReference; lastKnownFileType = text.plist.xml; path = Info.plist; sourceTree = "<group>"; };
		665E9CBD2A14AACC00387831 /* GoogleService-Info.plist */ = {isa = PBXFileReference; fileEncoding = 4; lastKnownFileType = text.plist.xml; path = "GoogleService-Info.plist"; sourceTree = "<group>"; };
/* End PBXFileReference section */

/* Begin PBXFrameworksBuildPhase section */
		665E9CA32A14AA6200387831 /* Frameworks */ = {
			isa = PBXFrameworksBuildPhase;
			buildActionMask = 2147483647;
			files = (
				665E9CC72A14AB9C00387831 /* FirebaseMessaging in Frameworks */,
				665E9CC32A14AB9C00387831 /* FirebaseDatabase in Frameworks */,
				665E9CC12A14AB9C00387831 /* FirebaseAuth in Frameworks */,
				665E9CC52A14AB9C00387831 /* FirebaseFirestore in Frameworks */,
			);
			runOnlyForDeploymentPostprocessing = 0;
		};
/* End PBXFrameworksBuildPhase section */

/* Begin PBXGroup section */
		665E9C9D2A14AA6200387831 = {
			isa = PBXGroup;
			children = (
				665E9CA82A14AA6200387831 /* firebaseTutorial */,
				665E9CA72A14AA6200387831 /* Products */,
			);
			sourceTree = "<group>";
		};
		665E9CA72A14AA6200387831 /* Products */ = {
			isa = PBXGroup;
			children = (
				665E9CA62A14AA6200387831 /* firebaseTutorial.app */,
			);
			name = Products;
			sourceTree = "<group>";
		};
		665E9CA82A14AA6200387831 /* firebaseTutorial */ = {
			isa = PBXGroup;
			children = (
				665E9CA92A14AA6200387831 /* AppDelegate.swift */,
				665E9CAB2A14AA6200387831 /* SceneDelegate.swift */,
				665E9CAD2A14AA6200387831 /* ViewController.swift */,
				665E9CAF2A14AA6200387831 /* Main.storyboard */,
				665E9CB22A14AA6200387831 /* Assets.xcassets */,
				665E9CB42A14AA6200387831 /* LaunchScreen.storyboard */,
				665E9CB72A14AA6200387831 /* Info.plist */,
				665E9CBD2A14AACC00387831 /* GoogleService-Info.plist */,
				660042EA2A14B1AD007A353F /* TodoCell.swift */,
			);
			path = firebaseTutorial;
			sourceTree = "<group>";
		};
/* End PBXGroup section */

/* Begin PBXNativeTarget section */
		665E9CA52A14AA6200387831 /* firebaseTutorial */ = {
			isa = PBXNativeTarget;
			buildConfigurationList = 665E9CBA2A14AA6200387831 /* Build configuration list for PBXNativeTarget "firebaseTutorial" */;
			buildPhases = (
				665E9CA22A14AA6200387831 /* Sources */,
				665E9CA32A14AA6200387831 /* Frameworks */,
				665E9CA42A14AA6200387831 /* Resources */,
			);
			buildRules = (
			);
			dependencies = (
			);
			name = firebaseTutorial;
			packageProductDependencies = (
				665E9CC02A14AB9C00387831 /* FirebaseAuth */,
				665E9CC22A14AB9C00387831 /* FirebaseDatabase */,
				665E9CC42A14AB9C00387831 /* FirebaseFirestore */,
				665E9CC62A14AB9C00387831 /* FirebaseMessaging */,
			);
			productName = firebaseTutorial;
			productReference = 665E9CA62A14AA6200387831 /* firebaseTutorial.app */;
			productType = "com.apple.product-type.application";
		};
/* End PBXNativeTarget section */

/* Begin PBXProject section */
		665E9C9E2A14AA6200387831 /* Project object */ = {
			isa = PBXProject;
			attributes = {
				BuildIndependentTargetsInParallel = 1;
				LastSwiftUpdateCheck = 1420;
				LastUpgradeCheck = 1420;
				TargetAttributes = {
					665E9CA52A14AA6200387831 = {
						CreatedOnToolsVersion = 14.2;
					};
				};
			};
			buildConfigurationList = 665E9CA12A14AA6200387831 /* Build configuration list for PBXProject "firebaseTutorial" */;
			compatibilityVersion = "Xcode 14.0";
			developmentRegion = en;
			hasScannedForEncodings = 0;
			knownRegions = (
				en,
				Base,
			);
			mainGroup = 665E9C9D2A14AA6200387831;
			packageReferences = (
				665E9CBF2A14AB9C00387831 /* XCRemoteSwiftPackageReference "firebase-ios-sdk" */,
			);
			productRefGroup = 665E9CA72A14AA6200387831 /* Products */;
			projectDirPath = "";
			projectRoot = "";
			targets = (
				665E9CA52A14AA6200387831 /* firebaseTutorial */,
			);
		};
/* End PBXProject section */

/* Begin PBXResourcesBuildPhase section */
		665E9CA42A14AA6200387831 /* Resources */ = {
			isa = PBXResourcesBuildPhase;
			buildActionMask = 2147483647;
			files = (
				665E9CB62A14AA6200387831 /* LaunchScreen.storyboard in Resources */,
				665E9CBE2A14AACC00387831 /* GoogleService-Info.plist in Resources */,
				665E9CB32A14AA6200387831 /* Assets.xcassets in Resources */,
				665E9CB12A14AA6200387831 /* Main.storyboard in Resources */,
			);
			runOnlyForDeploymentPostprocessing = 0;
		};
/* End PBXResourcesBuildPhase section */

/* Begin PBXSourcesBuildPhase section */
		665E9CA22A14AA6200387831 /* Sources */ = {
			isa = PBXSourcesBuildPhase;
			buildActionMask = 2147483647;
			files = (
				665E9CAE2A14AA6200387831 /* ViewController.swift in Sources */,
				665E9CAA2A14AA6200387831 /* AppDelegate.swift in Sources */,
				665E9CAC2A14AA6200387831 /* SceneDelegate.swift in Sources */,
				660042EB2A14B1AD007A353F /* TodoCell.swift in Sources */,
			);
			runOnlyForDeploymentPostprocessing = 0;
		};
/* End PBXSourcesBuildPhase section */

/* Begin PBXVariantGroup section */
		665E9CAF2A14AA6200387831 /* Main.storyboard */ = {
			isa = PBXVariantGroup;
			children = (
				665E9CB02A14AA6200387831 /* Base */,
			);
			name = Main.storyboard;
			sourceTree = "<group>";
		};
		665E9CB42A14AA6200387831 /* LaunchScreen.storyboard */ = {
			isa = PBXVariantGroup;
			children = (
				665E9CB52A14AA6200387831 /* Base */,
			);
			name = LaunchScreen.storyboard;
			sourceTree = "<group>";
		};
/* End PBXVariantGroup section */

/* Begin XCBuildConfiguration section */
		665E9CB82A14AA6200387831 /* Debug */ = {
			isa = XCBuildConfiguration;
			buildSettings = {
				ALWAYS_SEARCH_USER_PATHS = NO;
				CLANG_ANALYZER_NONNULL = YES;
				CLANG_ANALYZER_NUMBER_OBJECT_CONVERSION = YES_AGGRESSIVE;
				CLANG_CXX_LANGUAGE_STANDARD = "gnu++20";
				CLANG_ENABLE_MODULES = YES;
				CLANG_ENABLE_OBJC_ARC = YES;
				CLANG_ENABLE_OBJC_WEAK = YES;
				CLANG_WARN_BLOCK_CAPTURE_AUTORELEASING = YES;
				CLANG_WARN_BOOL_CONVERSION = YES;
				CLANG_WARN_COMMA = YES;
				CLANG_WARN_CONSTANT_CONVERSION = YES;
				CLANG_WARN_DEPRECATED_OBJC_IMPLEMENTATIONS = YES;
				CLANG_WARN_DIRECT_OBJC_ISA_USAGE = YES_ERROR;
				CLANG_WARN_DOCUMENTATION_COMMENTS = YES;
				CLANG_WARN_EMPTY_BODY = YES;
				CLANG_WARN_ENUM_CONVERSION = YES;
				CLANG_WARN_INFINITE_RECURSION = YES;
				CLANG_WARN_INT_CONVERSION = YES;
				CLANG_WARN_NON_LITERAL_NULL_CONVERSION = YES;
				CLANG_WARN_OBJC_IMPLICIT_RETAIN_SELF = YES;
				CLANG_WARN_OBJC_LITERAL_CONVERSION = YES;
				CLANG_WARN_OBJC_ROOT_CLASS = YES_ERROR;
				CLANG_WARN_QUOTED_INCLUDE_IN_FRAMEWORK_HEADER = YES;
				CLANG_WARN_RANGE_LOOP_ANALYSIS = YES;
				CLANG_WARN_STRICT_PROTOTYPES = YES;
				CLANG_WARN_SUSPICIOUS_MOVE = YES;
				CLANG_WARN_UNGUARDED_AVAILABILITY = YES_AGGRESSIVE;
				CLANG_WARN_UNREACHABLE_CODE = YES;
				CLANG_WARN__DUPLICATE_METHOD_MATCH = YES;
				COPY_PHASE_STRIP = NO;
				DEBUG_INFORMATION_FORMAT = dwarf;
				ENABLE_STRICT_OBJC_MSGSEND = YES;
				ENABLE_TESTABILITY = YES;
				GCC_C_LANGUAGE_STANDARD = gnu11;
				GCC_DYNAMIC_NO_PIC = NO;
				GCC_NO_COMMON_BLOCKS = YES;
				GCC_OPTIMIZATION_LEVEL = 0;
				GCC_PREPROCESSOR_DEFINITIONS = (
					"DEBUG=1",
					"$(inherited)",
				);
				GCC_WARN_64_TO_32_BIT_CONVERSION = YES;
				GCC_WARN_ABOUT_RETURN_TYPE = YES_ERROR;
				GCC_WARN_UNDECLARED_SELECTOR = YES;
				GCC_WARN_UNINITIALIZED_AUTOS = YES_AGGRESSIVE;
				GCC_WARN_UNUSED_FUNCTION = YES;
				GCC_WARN_UNUSED_VARIABLE = YES;
				IPHONEOS_DEPLOYMENT_TARGET = 16.2;
				MTL_ENABLE_DEBUG_INFO = INCLUDE_SOURCE;
				MTL_FAST_MATH = YES;
				ONLY_ACTIVE_ARCH = YES;
				SDKROOT = iphoneos;
				SWIFT_ACTIVE_COMPILATION_CONDITIONS = DEBUG;
				SWIFT_OPTIMIZATION_LEVEL = "-Onone";
			};
			name = Debug;
		};
		665E9CB92A14AA6200387831 /* Release */ = {
			isa = XCBuildConfiguration;
			buildSettings = {
				ALWAYS_SEARCH_USER_PATHS = NO;
				CLANG_ANALYZER_NONNULL = YES;
				CLANG_ANALYZER_NUMBER_OBJECT_CONVERSION = YES_AGGRESSIVE;
				CLANG_CXX_LANGUAGE_STANDARD = "gnu++20";
				CLANG_ENABLE_MODULES = YES;
				CLANG_ENABLE_OBJC_ARC = YES;
				CLANG_ENABLE_OBJC_WEAK = YES;
				CLANG_WARN_BLOCK_CAPTURE_AUTORELEASING = YES;
				CLANG_WARN_BOOL_CONVERSION = YES;
				CLANG_WARN_COMMA = YES;
				CLANG_WARN_CONSTANT_CONVERSION = YES;
				CLANG_WARN_DEPRECATED_OBJC_IMPLEMENTATIONS = YES;
				CLANG_WARN_DIRECT_OBJC_ISA_USAGE = YES_ERROR;
				CLANG_WARN_DOCUMENTATION_COMMENTS = YES;
				CLANG_WARN_EMPTY_BODY = YES;
				CLANG_WARN_ENUM_CONVERSION = YES;
				CLANG_WARN_INFINITE_RECURSION = YES;
				CLANG_WARN_INT_CONVERSION = YES;
				CLANG_WARN_NON_LITERAL_NULL_CONVERSION = YES;
				CLANG_WARN_OBJC_IMPLICIT_RETAIN_SELF = YES;
				CLANG_WARN_OBJC_LITERAL_CONVERSION = YES;
				CLANG_WARN_OBJC_ROOT_CLASS = YES_ERROR;
				CLANG_WARN_QUOTED_INCLUDE_IN_FRAMEWORK_HEADER = YES;
				CLANG_WARN_RANGE_LOOP_ANALYSIS = YES;
				CLANG_WARN_STRICT_PROTOTYPES = YES;
				CLANG_WARN_SUSPICIOUS_MOVE = YES;
				CLANG_WARN_UNGUARDED_AVAILABILITY = YES_AGGRESSIVE;
				CLANG_WARN_UNREACHABLE_CODE = YES;
				CLANG_WARN__DUPLICATE_METHOD_MATCH = YES;
				COPY_PHASE_STRIP = NO;
				DEBUG_INFORMATION_FORMAT = "dwarf-with-dsym";
				ENABLE_NS_ASSERTIONS = NO;
				ENABLE_STRICT_OBJC_MSGSEND = YES;
				GCC_C_LANGUAGE_STANDARD = gnu11;
				GCC_NO_COMMON_BLOCKS = YES;
				GCC_WARN_64_TO_32_BIT_CONVERSION = YES;
				GCC_WARN_ABOUT_RETURN_TYPE = YES_ERROR;
				GCC_WARN_UNDECLARED_SELECTOR = YES;
				GCC_WARN_UNINITIALIZED_AUTOS = YES_AGGRESSIVE;
				GCC_WARN_UNUSED_FUNCTION = YES;
				GCC_WARN_UNUSED_VARIABLE = YES;
				IPHONEOS_DEPLOYMENT_TARGET = 16.2;
				MTL_ENABLE_DEBUG_INFO = NO;
				MTL_FAST_MATH = YES;
				SDKROOT = iphoneos;
				SWIFT_COMPILATION_MODE = wholemodule;
				SWIFT_OPTIMIZATION_LEVEL = "-O";
				VALIDATE_PRODUCT = YES;
			};
			name = Release;
		};
		665E9CBB2A14AA6200387831 /* Debug */ = {
			isa = XCBuildConfiguration;
			buildSettings = {
				ASSETCATALOG_COMPILER_APPICON_NAME = AppIcon;
				ASSETCATALOG_COMPILER_GLOBAL_ACCENT_COLOR_NAME = AccentColor;
				CODE_SIGN_STYLE = Automatic;
				CURRENT_PROJECT_VERSION = 1;
				DEVELOPMENT_TEAM = 9Y8JZ9AQG6;
				GENERATE_INFOPLIST_FILE = YES;
				INFOPLIST_FILE = firebaseTutorial/Info.plist;
				INFOPLIST_KEY_UIApplicationSupportsIndirectInputEvents = YES;
				INFOPLIST_KEY_UILaunchStoryboardName = LaunchScreen;
				INFOPLIST_KEY_UIMainStoryboardFile = Main;
				INFOPLIST_KEY_UISupportedInterfaceOrientations_iPad = "UIInterfaceOrientationPortrait UIInterfaceOrientationPortraitUpsideDown UIInterfaceOrientationLandscapeLeft UIInterfaceOrientationLandscapeRight";
				INFOPLIST_KEY_UISupportedInterfaceOrientations_iPhone = "UIInterfaceOrientationPortrait UIInterfaceOrientationLandscapeLeft UIInterfaceOrientationLandscapeRight";
				LD_RUNPATH_SEARCH_PATHS = (
					"$(inherited)",
					"@executable_path/Frameworks",
				);
				MARKETING_VERSION = 1.0;
				PRODUCT_BUNDLE_IDENTIFIER = envisonarier.firebaseTutorial;
				PRODUCT_NAME = "$(TARGET_NAME)";
				SWIFT_EMIT_LOC_STRINGS = YES;
				SWIFT_VERSION = 5.0;
				TARGETED_DEVICE_FAMILY = "1,2";
			};
			name = Debug;
		};
		665E9CBC2A14AA6200387831 /* Release */ = {
			isa = XCBuildConfiguration;
			buildSettings = {
				ASSETCATALOG_COMPILER_APPICON_NAME = AppIcon;
				ASSETCATALOG_COMPILER_GLOBAL_ACCENT_COLOR_NAME = AccentColor;
				CODE_SIGN_STYLE = Automatic;
				CURRENT_PROJECT_VERSION = 1;
				DEVELOPMENT_TEAM = 9Y8JZ9AQG6;
				GENERATE_INFOPLIST_FILE = YES;
				INFOPLIST_FILE = firebaseTutorial/Info.plist;
				INFOPLIST_KEY_UIApplicationSupportsIndirectInputEvents = YES;
				INFOPLIST_KEY_UILaunchStoryboardName = LaunchScreen;
				INFOPLIST_KEY_UIMainStoryboardFile = Main;
				INFOPLIST_KEY_UISupportedInterfaceOrientations_iPad = "UIInterfaceOrientationPortrait UIInterfaceOrientationPortraitUpsideDown UIInterfaceOrientationLandscapeLeft UIInterfaceOrientationLandscapeRight";
				INFOPLIST_KEY_UISupportedInterfaceOrientations_iPhone = "UIInterfaceOrientationPortrait UIInterfaceOrientationLandscapeLeft UIInterfaceOrientationLandscapeRight";
				LD_RUNPATH_SEARCH_PATHS = (
					"$(inherited)",
					"@executable_path/Frameworks",
				);
				MARKETING_VERSION = 1.0;
				PRODUCT_BUNDLE_IDENTIFIER = envisonarier.firebaseTutorial;
				PRODUCT_NAME = "$(TARGET_NAME)";
				SWIFT_EMIT_LOC_STRINGS = YES;
				SWIFT_VERSION = 5.0;
				TARGETED_DEVICE_FAMILY = "1,2";
			};
			name = Release;
		};
/* End XCBuildConfiguration section */

/* Begin XCConfigurationList section */
		665E9CA12A14AA6200387831 /* Build configuration list for PBXProject "firebaseTutorial" */ = {
			isa = XCConfigurationList;
			buildConfigurations = (
				665E9CB82A14AA6200387831 /* Debug */,
				665E9CB92A14AA6200387831 /* Release */,
			);
			defaultConfigurationIsVisible = 0;
			defaultConfigurationName = Release;
		};
		665E9CBA2A14AA6200387831 /* Build configuration list for PBXNativeTarget "firebaseTutorial" */ = {
			isa = XCConfigurationList;
			buildConfigurations = (
				665E9CBB2A14AA6200387831 /* Debug */,
				665E9CBC2A14AA6200387831 /* Release */,
			);
			defaultConfigurationIsVisible = 0;
			defaultConfigurationName = Release;
		};
/* End XCConfigurationList section */

/* Begin XCRemoteSwiftPackageReference section */
		665E9CBF2A14AB9C00387831 /* XCRemoteSwiftPackageReference "firebase-ios-sdk" */ = {
			isa = XCRemoteSwiftPackageReference;
			repositoryURL = "https://github.com/firebase/firebase-ios-sdk";
			requirement = {
				kind = upToNextMajorVersion;
				minimumVersion = 9.0.0;
			};
		};
/* End XCRemoteSwiftPackageReference section */

/* Begin XCSwiftPackageProductDependency section */
		665E9CC02A14AB9C00387831 /* FirebaseAuth */ = {
			isa = XCSwiftPackageProductDependency;
			package = 665E9CBF2A14AB9C00387831 /* XCRemoteSwiftPackageReference "firebase-ios-sdk" */;
			productName = FirebaseAuth;
		};
		665E9CC22A14AB9C00387831 /* FirebaseDatabase */ = {
			isa = XCSwiftPackageProductDependency;
			package = 665E9CBF2A14AB9C00387831 /* XCRemoteSwiftPackageReference "firebase-ios-sdk" */;
			productName = FirebaseDatabase;
		};
		665E9CC42A14AB9C00387831 /* FirebaseFirestore */ = {
			isa = XCSwiftPackageProductDependency;
			package = 665E9CBF2A14AB9C00387831 /* XCRemoteSwiftPackageReference "firebase-ios-sdk" */;
			productName = FirebaseFirestore;
		};
		665E9CC62A14AB9C00387831 /* FirebaseMessaging */ = {
			isa = XCSwiftPackageProductDependency;
			package = 665E9CBF2A14AB9C00387831 /* XCRemoteSwiftPackageReference "firebase-ios-sdk" */;
			productName = FirebaseMessaging;
		};
/* End XCSwiftPackageProductDependency section */
	};
	rootObject = 665E9C9E2A14AA6200387831 /* Project object */;
}
